{
  "name": "@morpho-os/framework",
  "version": "1.0.0",
  "lockfileVersion": 2,
  "requires": true,
  "packages": {
    "": {
      "name": "@morpho-os/framework",
      "version": "1.0.0",
      "dependencies": {
        "bootstrap": "5.0.0-beta2",
        "imd": "github:morpho-os/imd",
        "jquery": "latest",
        "toastify-js": "latest",
        "tslib": "latest"
      },
      "devDependencies": {
        "@types/bootstrap": "^5.0.8",
        "@types/jquery": "latest",
        "@types/qunit": "^2.11.2",
        "qunit": "^2.16.0"
      }
    },
    "node_modules/@popperjs/core": {
      "version": "2.9.3",
      "resolved": "https://registry.npmjs.org/@popperjs/core/-/core-2.9.3.tgz",
      "integrity": "sha512-xDu17cEfh7Kid/d95kB6tZsLOmSWKCZKtprnhVepjsSaCij+lM3mItSJDuuHDMbCWTh8Ejmebwb+KONcCJ0eXQ==",
      "funding": {
        "type": "opencollective",
        "url": "https://opencollective.com/popperjs"
      }
    },
    "node_modules/@types/bootstrap": {
      "version": "5.0.17",
      "resolved": "https://registry.npmjs.org/@types/bootstrap/-/bootstrap-5.0.17.tgz",
      "integrity": "sha512-uQQQ3p+zw10VjZLvtCuKWI6QgVCYEnK/yHnno3gyEhikfQdiZexS2XPxjWRboGmX135o470GkmCta9eAgQMVLQ==",
      "dev": true,
      "dependencies": {
        "@popperjs/core": "^2.9.2",
        "@types/jquery": "*"
      }
    },
    "node_modules/@types/jquery": {
      "version": "3.5.6",
      "resolved": "https://registry.npmjs.org/@types/jquery/-/jquery-3.5.6.tgz",
      "integrity": "sha512-SmgCQRzGPId4MZQKDj9Hqc6kSXFNWZFHpELkyK8AQhf8Zr6HKfCzFv9ZC1Fv3FyQttJZOlap3qYb12h61iZAIg==",
      "dev": true,
      "dependencies": {
        "@types/sizzle": "*"
      }
    },
    "node_modules/@types/qunit": {
      "version": "2.11.2",
      "resolved": "https://registry.npmjs.org/@types/qunit/-/qunit-2.11.2.tgz",
      "integrity": "sha512-Bt0fz9l8sWxqP+cjoqWQyNVyOPPK+7GPhKIKLLTi7llR0FV+pyd50FXTXafZeZnsFVUgXw4pdupydz75E6vxjQ==",
      "dev": true
    },
    "node_modules/@types/sizzle": {
      "version": "2.3.3",
      "resolved": "https://registry.npmjs.org/@types/sizzle/-/sizzle-2.3.3.tgz",
      "integrity": "sha512-JYM8x9EGF163bEyhdJBpR2QX1R5naCJHC8ucJylJ3w9/CVBaskdQ8WqBf8MmQrd1kRvp/a4TS8HJ+bxzR7ZJYQ==",
      "dev": true
    },
    "node_modules/bootstrap": {
      "version": "5.0.0-beta2",
      "resolved": "https://registry.npmjs.org/bootstrap/-/bootstrap-5.0.0-beta2.tgz",
      "integrity": "sha512-e+uPbPHqTQWKyCX435uVlOmgH9tUt0xtjvyOC7knhKgOS643BrQKuTo+KecGpPV7qlmOyZgCfaM4xxPWtDEN/g==",
      "funding": {
        "type": "opencollective",
        "url": "https://opencollective.com/bootstrap"
      },
      "peerDependencies": {
        "@popperjs/core": "^2.6.0"
      }
    },
    "node_modules/commander": {
      "version": "7.1.0",
      "resolved": "https://registry.npmjs.org/commander/-/commander-7.1.0.tgz",
      "integrity": "sha512-pRxBna3MJe6HKnBGsDyMv8ETbptw3axEdYHoqNh7gu5oDcew8fs0xnivZGm06Ogk8zGAJ9VX+OPEr2GXEQK4dg==",
      "dev": true,
      "engines": {
        "node": ">= 10"
      }
    },
    "node_modules/globalyzer": {
      "version": "0.1.0",
      "resolved": "https://registry.npmjs.org/globalyzer/-/globalyzer-0.1.0.tgz",
      "integrity": "sha512-40oNTM9UfG6aBmuKxk/giHn5nQ8RVz/SS4Ir6zgzOv9/qC3kKZ9v4etGTcJbEl/NyVQH7FGU7d+X1egr57Md2Q==",
      "dev": true
    },
    "node_modules/globrex": {
      "version": "0.1.2",
      "resolved": "https://registry.npmjs.org/globrex/-/globrex-0.1.2.tgz",
      "integrity": "sha512-uHJgbwAMwNFf5mLst7IWLNg14x1CkeqglJb/K3doi4dw6q2IvAAmM/Y81kevy83wP+Sst+nutFTYOGg3d1lsxg==",
      "dev": true
    },
    "node_modules/imd": {
      "version": "1.0.0",
      "resolved": "git+ssh://git@github.com/morpho-os/imd.git#f7396b65da6ea0432069c75013095cb9e199edc5",
      "license": "SEE LICENSE IN LICENSE.txt"
    },
    "node_modules/jquery": {
      "version": "3.6.0",
      "resolved": "https://registry.npmjs.org/jquery/-/jquery-3.6.0.tgz",
      "integrity": "sha512-JVzAR/AjBvVt2BmYhxRCSYysDsPcssdmTFnzyLEts9qNwmjmu4JTAMYubEfwVOSwpQ1I1sKKFcxhZCI2buerfw=="
    },
    "node_modules/node-watch": {
      "version": "0.7.1",
      "resolved": "https://registry.npmjs.org/node-watch/-/node-watch-0.7.1.tgz",
      "integrity": "sha512-UWblPYuZYrkCQCW5PxAwYSxaELNBLUckrTBBk8xr1/bUgyOkYYTsUcV4e3ytcazFEOyiRyiUrsG37pu6I0I05g==",
      "dev": true,
      "engines": {
        "node": ">=6"
      }
    },
    "node_modules/qunit": {
      "version": "2.16.0",
      "resolved": "https://registry.npmjs.org/qunit/-/qunit-2.16.0.tgz",
      "integrity": "sha512-88x9t+rRMbB6IrCIUZvYU4pJy7NiBEv7SX8jD4LZAsIj+dV+kwGnFStOmPNvqa6HM96VZMD8CIIFKH2+3qvluA==",
      "dev": true,
      "dependencies": {
        "commander": "7.1.0",
        "node-watch": "0.7.1",
        "tiny-glob": "0.2.8"
      },
      "bin": {
        "qunit": "bin/qunit.js"
      },
      "engines": {
        "node": ">=10"
      }
    },
    "node_modules/tiny-glob": {
      "version": "0.2.8",
      "resolved": "https://registry.npmjs.org/tiny-glob/-/tiny-glob-0.2.8.tgz",
      "integrity": "sha512-vkQP7qOslq63XRX9kMswlby99kyO5OvKptw7AMwBVMjXEI7Tb61eoI5DydyEMOseyGS5anDN1VPoVxEvH01q8w==",
      "dev": true,
      "dependencies": {
        "globalyzer": "0.1.0",
        "globrex": "^0.1.2"
      }
    },
    "node_modules/toastify-js": {
      "version": "1.11.1",
      "resolved": "https://registry.npmjs.org/toastify-js/-/toastify-js-1.11.1.tgz",
      "integrity": "sha512-O1UR06KEhFY9Vu2iKltgOE62+Vq/5iU7AOktouFkEegEisrqtNhEri9RpSd6u6wyPsd4Ae9RT1io3uwkMAlLVQ=="
    },
    "node_modules/tslib": {
      "version": "2.3.0",
      "resolved": "https://registry.npmjs.org/tslib/-/tslib-2.3.0.tgz",
      "integrity": "sha512-N82ooyxVNm6h1riLCoyS9e3fuJ3AMG2zIZs2Gd1ATcSFjSA23Q0fzjjZeh0jbJvWVDZ0cJT8yaNNaaXHzueNjg=="
    }
  },
  "dependencies": {
    "@popperjs/core": {
      "version": "2.9.3",
      "resolved": "https://registry.npmjs.org/@popperjs/core/-/core-2.9.3.tgz",
      "integrity": "sha512-xDu17cEfh7Kid/d95kB6tZsLOmSWKCZKtprnhVepjsSaCij+lM3mItSJDuuHDMbCWTh8Ejmebwb+KONcCJ0eXQ=="
    },
    "@types/bootstrap": {
      "version": "5.0.17",
      "resolved": "https://registry.npmjs.org/@types/bootstrap/-/bootstrap-5.0.17.tgz",
      "integrity": "sha512-uQQQ3p+zw10VjZLvtCuKWI6QgVCYEnK/yHnno3gyEhikfQdiZexS2XPxjWRboGmX135o470GkmCta9eAgQMVLQ==",
      "dev": true,
      "requires": {
        "@popperjs/core": "^2.9.2",
        "@types/jquery": "*"
      }
    },
    "@types/jquery": {
      "version": "3.5.6",
      "resolved": "https://registry.npmjs.org/@types/jquery/-/jquery-3.5.6.tgz",
      "integrity": "sha512-SmgCQRzGPId4MZQKDj9Hqc6kSXFNWZFHpELkyK8AQhf8Zr6HKfCzFv9ZC1Fv3FyQttJZOlap3qYb12h61iZAIg==",
      "dev": true,
      "requires": {
        "@types/sizzle": "*"
      }
    },
    "@types/qunit": {
      "version": "2.11.2",
      "resolved": "https://registry.npmjs.org/@types/qunit/-/qunit-2.11.2.tgz",
      "integrity": "sha512-Bt0fz9l8sWxqP+cjoqWQyNVyOPPK+7GPhKIKLLTi7llR0FV+pyd50FXTXafZeZnsFVUgXw4pdupydz75E6vxjQ==",
      "dev": true
    },
    "@types/sizzle": {
      "version": "2.3.3",
      "resolved": "https://registry.npmjs.org/@types/sizzle/-/sizzle-2.3.3.tgz",
      "integrity": "sha512-JYM8x9EGF163bEyhdJBpR2QX1R5naCJHC8ucJylJ3w9/CVBaskdQ8WqBf8MmQrd1kRvp/a4TS8HJ+bxzR7ZJYQ==",
      "dev": true
    },
    "bootstrap": {
      "version": "5.0.0-beta2",
      "resolved": "https://registry.npmjs.org/bootstrap/-/bootstrap-5.0.0-beta2.tgz",
      "integrity": "sha512-e+uPbPHqTQWKyCX435uVlOmgH9tUt0xtjvyOC7knhKgOS643BrQKuTo+KecGpPV7qlmOyZgCfaM4xxPWtDEN/g==",
      "requires": {}
    },
    "commander": {
      "version": "7.1.0",
      "resolved": "https://registry.npmjs.org/commander/-/commander-7.1.0.tgz",
      "integrity": "sha512-pRxBna3MJe6HKnBGsDyMv8ETbptw3axEdYHoqNh7gu5oDcew8fs0xnivZGm06Ogk8zGAJ9VX+OPEr2GXEQK4dg==",
      "dev": true
    },
    "globalyzer": {
      "version": "0.1.0",
      "resolved": "https://registry.npmjs.org/globalyzer/-/globalyzer-0.1.0.tgz",
      "integrity": "sha512-40oNTM9UfG6aBmuKxk/giHn5nQ8RVz/SS4Ir6zgzOv9/qC3kKZ9v4etGTcJbEl/NyVQH7FGU7d+X1egr57Md2Q==",
      "dev": true
    },
    "globrex": {
      "version": "0.1.2",
      "resolved": "https://registry.npmjs.org/globrex/-/globrex-0.1.2.tgz",
      "integrity": "sha512-uHJgbwAMwNFf5mLst7IWLNg14x1CkeqglJb/K3doi4dw6q2IvAAmM/Y81kevy83wP+Sst+nutFTYOGg3d1lsxg==",
      "dev": true
    },
    "imd": {
      "version": "git+ssh://git@github.com/morpho-os/imd.git#f7396b65da6ea0432069c75013095cb9e199edc5",
      "from": "imd@github:morpho-os/imd"
    },
    "jquery": {
      "version": "3.6.0",
      "resolved": "https://registry.npmjs.org/jquery/-/jquery-3.6.0.tgz",
      "integrity": "sha512-JVzAR/AjBvVt2BmYhxRCSYysDsPcssdmTFnzyLEts9qNwmjmu4JTAMYubEfwVOSwpQ1I1sKKFcxhZCI2buerfw=="
    },
    "node-watch": {
      "version": "0.7.1",
      "resolved": "https://registry.npmjs.org/node-watch/-/node-watch-0.7.1.tgz",
      "integrity": "sha512-UWblPYuZYrkCQCW5PxAwYSxaELNBLUckrTBBk8xr1/bUgyOkYYTsUcV4e3ytcazFEOyiRyiUrsG37pu6I0I05g==",
      "dev": true
    },
    "qunit": {
      "version": "2.16.0",
      "resolved": "https://registry.npmjs.org/qunit/-/qunit-2.16.0.tgz",
      "integrity": "sha512-88x9t+rRMbB6IrCIUZvYU4pJy7NiBEv7SX8jD4LZAsIj+dV+kwGnFStOmPNvqa6HM96VZMD8CIIFKH2+3qvluA==",
      "dev": true,
      "requires": {
        "commander": "7.1.0",
        "node-watch": "0.7.1",
        "tiny-glob": "0.2.8"
      }
    },
    "tiny-glob": {
      "version": "0.2.8",
      "resolved": "https://registry.npmjs.org/tiny-glob/-/tiny-glob-0.2.8.tgz",
      "integrity": "sha512-vkQP7qOslq63XRX9kMswlby99kyO5OvKptw7AMwBVMjXEI7Tb61eoI5DydyEMOseyGS5anDN1VPoVxEvH01q8w==",
      "dev": true,
      "requires": {
        "globalyzer": "0.1.0",
        "globrex": "^0.1.2"
      }
    },
    "toastify-js": {
      "version": "1.11.1",
      "resolved": "https://registry.npmjs.org/toastify-js/-/toastify-js-1.11.1.tgz",
      "integrity": "sha512-O1UR06KEhFY9Vu2iKltgOE62+Vq/5iU7AOktouFkEegEisrqtNhEri9RpSd6u6wyPsd4Ae9RT1io3uwkMAlLVQ=="
    },
    "tslib": {
      "version": "2.3.0",
      "resolved": "https://registry.npmjs.org/tslib/-/tslib-2.3.0.tgz",
      "integrity": "sha512-N82ooyxVNm6h1riLCoyS9e3fuJ3AMG2zIZs2Gd1ATcSFjSA23Q0fzjjZeh0jbJvWVDZ0cJT8yaNNaaXHzueNjg=="
    }
  }
}
