{
  "name": "morpho-os",
  "version": "1.0.0",
  "lockfileVersion": 2,
  "requires": true,
  "packages": {
    "": {
      "name": "morpho-os",
      "version": "1.0.0",
      "dependencies": {
        "bootstrap": "5.0.0-beta2",
        "imd": "github:morpho-os/imd",
        "jquery": "latest",
        "toastify-js": "latest",
        "tslib": "latest"
      },
      "devDependencies": {
        "@types/bootstrap": "^5.0.8",
        "@types/jquery": "latest",
        "@types/qunit": "^2.11.2",
        "qunit": "^2.16.0"
      }
    },
    "node_modules/@popperjs/core": {
      "version": "2.8.6",
      "resolved": "https://registry.npmjs.org/@popperjs/core/-/core-2.8.6.tgz",
      "integrity": "sha512-1oXH2bAFXz9SttE1v/0Jp+2ZVePsPEAPGIuPKrmljWZcS3FPBEn2Q4WcANozZC0YiCjTWOF55k0g6rbSZS39ew==",
      "funding": {
        "type": "opencollective",
        "url": "https://opencollective.com/popperjs"
      }
    },
    "node_modules/@types/bootstrap": {
      "version": "5.0.8",
      "resolved": "https://registry.npmjs.org/@types/bootstrap/-/bootstrap-5.0.8.tgz",
      "integrity": "sha512-jZh3E0J925ClLlcRy9G0A9sfep3WXhElNpv0s6ZDufX8SJ2+1eO0TactMH+AEB8tjrm362zPRvyXmvuFxeexqw==",
      "dev": true,
      "dependencies": {
        "@popperjs/core": "^2.6.0",
        "@types/jquery": "*"
      }
    },
    "node_modules/@types/jquery": {
      "version": "3.5.5",
      "resolved": "https://registry.npmjs.org/@types/jquery/-/jquery-3.5.5.tgz",
      "integrity": "sha512-6RXU9Xzpc6vxNrS6FPPapN1SxSHgQ336WC6Jj/N8q30OiaBZ00l1GBgeP7usjVZPivSkGUfL1z/WW6TX989M+w==",
      "dev": true,
      "dependencies": {
        "@types/sizzle": "*"
      }
    },
    "node_modules/@types/qunit": {
      "version": "2.11.2",
      "resolved": "https://registry.npmjs.org/@types/qunit/-/qunit-2.11.2.tgz",
      "integrity": "sha512-Bt0fz9l8sWxqP+cjoqWQyNVyOPPK+7GPhKIKLLTi7llR0FV+pyd50FXTXafZeZnsFVUgXw4pdupydz75E6vxjQ==",
      "dev": true
    },
    "node_modules/@types/sizzle": {
      "version": "2.3.2",
      "resolved": "https://registry.npmjs.org/@types/sizzle/-/sizzle-2.3.2.tgz",
      "integrity": "sha512-7EJYyKTL7tFR8+gDbB6Wwz/arpGa0Mywk1TJbNzKzHtzbwVmY4HR9WqS5VV7dsBUKQmPNr192jHr/VpBluj/hg==",
      "dev": true
    },
    "node_modules/bootstrap": {
      "version": "5.0.0-beta2",
      "resolved": "https://registry.npmjs.org/bootstrap/-/bootstrap-5.0.0-beta2.tgz",
      "integrity": "sha512-e+uPbPHqTQWKyCX435uVlOmgH9tUt0xtjvyOC7knhKgOS643BrQKuTo+KecGpPV7qlmOyZgCfaM4xxPWtDEN/g==",
      "funding": {
        "type": "opencollective",
        "url": "https://opencollective.com/bootstrap"
      },
      "peerDependencies": {
        "@popperjs/core": "^2.6.0"
      }
    },
    "node_modules/commander": {
      "version": "7.1.0",
      "resolved": "https://registry.npmjs.org/commander/-/commander-7.1.0.tgz",
      "integrity": "sha512-pRxBna3MJe6HKnBGsDyMv8ETbptw3axEdYHoqNh7gu5oDcew8fs0xnivZGm06Ogk8zGAJ9VX+OPEr2GXEQK4dg==",
      "dev": true,
      "engines": {
        "node": ">= 10"
      }
    },
    "node_modules/globalyzer": {
      "version": "0.1.0",
      "resolved": "https://registry.npmjs.org/globalyzer/-/globalyzer-0.1.0.tgz",
      "integrity": "sha512-40oNTM9UfG6aBmuKxk/giHn5nQ8RVz/SS4Ir6zgzOv9/qC3kKZ9v4etGTcJbEl/NyVQH7FGU7d+X1egr57Md2Q==",
      "dev": true
    },
    "node_modules/globrex": {
      "version": "0.1.2",
      "resolved": "https://registry.npmjs.org/globrex/-/globrex-0.1.2.tgz",
      "integrity": "sha512-uHJgbwAMwNFf5mLst7IWLNg14x1CkeqglJb/K3doi4dw6q2IvAAmM/Y81kevy83wP+Sst+nutFTYOGg3d1lsxg==",
      "dev": true
    },
    "node_modules/imd": {
      "version": "1.0.0",
      "resolved": "git+ssh://git@github.com/morpho-os/imd.git#2a3f2d5c8b6c31eebda3a63642423b5448214ad8",
      "integrity": "sha512-s9XQL08Xb1UIiZxGwWXpJwWZBEgSnxLYqbe6II6tK+yVLwzI2+3mtuUpSITcDNO+8kAwm9TQuUytKO2BPQR5DA==",
      "license": "SEE LICENSE IN LICENSE.txt"
    },
    "node_modules/jquery": {
      "version": "3.5.1",
      "resolved": "https://registry.npmjs.org/jquery/-/jquery-3.5.1.tgz",
      "integrity": "sha512-XwIBPqcMn57FxfT+Go5pzySnm4KWkT1Tv7gjrpT1srtf8Weynl6R273VJ5GjkRb51IzMp5nbaPjJXMWeju2MKg=="
    },
    "node_modules/node-watch": {
      "version": "0.7.1",
      "resolved": "https://registry.npmjs.org/node-watch/-/node-watch-0.7.1.tgz",
      "integrity": "sha512-UWblPYuZYrkCQCW5PxAwYSxaELNBLUckrTBBk8xr1/bUgyOkYYTsUcV4e3ytcazFEOyiRyiUrsG37pu6I0I05g==",
      "dev": true,
      "engines": {
        "node": ">=6"
      }
    },
    "node_modules/qunit": {
      "version": "2.16.0",
      "resolved": "https://registry.npmjs.org/qunit/-/qunit-2.16.0.tgz",
      "integrity": "sha512-88x9t+rRMbB6IrCIUZvYU4pJy7NiBEv7SX8jD4LZAsIj+dV+kwGnFStOmPNvqa6HM96VZMD8CIIFKH2+3qvluA==",
      "dev": true,
      "dependencies": {
        "commander": "7.1.0",
        "node-watch": "0.7.1",
        "tiny-glob": "0.2.8"
      },
      "bin": {
        "qunit": "bin/qunit.js"
      },
      "engines": {
        "node": ">=10"
      }
    },
    "node_modules/tiny-glob": {
      "version": "0.2.8",
      "resolved": "https://registry.npmjs.org/tiny-glob/-/tiny-glob-0.2.8.tgz",
      "integrity": "sha512-vkQP7qOslq63XRX9kMswlby99kyO5OvKptw7AMwBVMjXEI7Tb61eoI5DydyEMOseyGS5anDN1VPoVxEvH01q8w==",
      "dev": true,
      "dependencies": {
        "globalyzer": "0.1.0",
        "globrex": "^0.1.2"
      }
    },
    "node_modules/toastify-js": {
      "version": "1.9.3",
      "resolved": "https://registry.npmjs.org/toastify-js/-/toastify-js-1.9.3.tgz",
      "integrity": "sha512-v0aXGUy6IbEBWxmoKx7ZCou00dQqEAsjJF86f8b8dNCH4O4L6iEkX3d3WRMVDirBJ+8CxQcHDZuAFD47J/imEw=="
    },
    "node_modules/tslib": {
      "version": "2.1.0",
      "resolved": "https://registry.npmjs.org/tslib/-/tslib-2.1.0.tgz",
      "integrity": "sha512-hcVC3wYEziELGGmEEXue7D75zbwIIVUMWAVbHItGPx0ziyXxrOMQx4rQEVEV45Ut/1IotuEvwqPopzIOkDMf0A=="
    }
  },
  "dependencies": {
    "@popperjs/core": {
      "version": "2.8.6",
      "resolved": "https://registry.npmjs.org/@popperjs/core/-/core-2.8.6.tgz",
      "integrity": "sha512-1oXH2bAFXz9SttE1v/0Jp+2ZVePsPEAPGIuPKrmljWZcS3FPBEn2Q4WcANozZC0YiCjTWOF55k0g6rbSZS39ew=="
    },
    "@types/bootstrap": {
      "version": "5.0.8",
      "resolved": "https://registry.npmjs.org/@types/bootstrap/-/bootstrap-5.0.8.tgz",
      "integrity": "sha512-jZh3E0J925ClLlcRy9G0A9sfep3WXhElNpv0s6ZDufX8SJ2+1eO0TactMH+AEB8tjrm362zPRvyXmvuFxeexqw==",
      "dev": true,
      "requires": {
        "@popperjs/core": "^2.6.0",
        "@types/jquery": "*"
      }
    },
    "@types/jquery": {
      "version": "3.5.5",
      "resolved": "https://registry.npmjs.org/@types/jquery/-/jquery-3.5.5.tgz",
      "integrity": "sha512-6RXU9Xzpc6vxNrS6FPPapN1SxSHgQ336WC6Jj/N8q30OiaBZ00l1GBgeP7usjVZPivSkGUfL1z/WW6TX989M+w==",
      "dev": true,
      "requires": {
        "@types/sizzle": "*"
      }
    },
    "@types/qunit": {
      "version": "2.11.2",
      "resolved": "https://registry.npmjs.org/@types/qunit/-/qunit-2.11.2.tgz",
      "integrity": "sha512-Bt0fz9l8sWxqP+cjoqWQyNVyOPPK+7GPhKIKLLTi7llR0FV+pyd50FXTXafZeZnsFVUgXw4pdupydz75E6vxjQ==",
      "dev": true
    },
    "@types/sizzle": {
      "version": "2.3.2",
      "resolved": "https://registry.npmjs.org/@types/sizzle/-/sizzle-2.3.2.tgz",
      "integrity": "sha512-7EJYyKTL7tFR8+gDbB6Wwz/arpGa0Mywk1TJbNzKzHtzbwVmY4HR9WqS5VV7dsBUKQmPNr192jHr/VpBluj/hg==",
      "dev": true
    },
    "bootstrap": {
      "version": "5.0.0-beta2",
      "resolved": "https://registry.npmjs.org/bootstrap/-/bootstrap-5.0.0-beta2.tgz",
      "integrity": "sha512-e+uPbPHqTQWKyCX435uVlOmgH9tUt0xtjvyOC7knhKgOS643BrQKuTo+KecGpPV7qlmOyZgCfaM4xxPWtDEN/g==",
      "requires": {}
    },
    "commander": {
      "version": "7.1.0",
      "resolved": "https://registry.npmjs.org/commander/-/commander-7.1.0.tgz",
      "integrity": "sha512-pRxBna3MJe6HKnBGsDyMv8ETbptw3axEdYHoqNh7gu5oDcew8fs0xnivZGm06Ogk8zGAJ9VX+OPEr2GXEQK4dg==",
      "dev": true
    },
    "globalyzer": {
      "version": "0.1.0",
      "resolved": "https://registry.npmjs.org/globalyzer/-/globalyzer-0.1.0.tgz",
      "integrity": "sha512-40oNTM9UfG6aBmuKxk/giHn5nQ8RVz/SS4Ir6zgzOv9/qC3kKZ9v4etGTcJbEl/NyVQH7FGU7d+X1egr57Md2Q==",
      "dev": true
    },
    "globrex": {
      "version": "0.1.2",
      "resolved": "https://registry.npmjs.org/globrex/-/globrex-0.1.2.tgz",
      "integrity": "sha512-uHJgbwAMwNFf5mLst7IWLNg14x1CkeqglJb/K3doi4dw6q2IvAAmM/Y81kevy83wP+Sst+nutFTYOGg3d1lsxg==",
      "dev": true
    },
    "imd": {
      "version": "git+ssh://git@github.com/morpho-os/imd.git#2a3f2d5c8b6c31eebda3a63642423b5448214ad8",
      "integrity": "sha512-s9XQL08Xb1UIiZxGwWXpJwWZBEgSnxLYqbe6II6tK+yVLwzI2+3mtuUpSITcDNO+8kAwm9TQuUytKO2BPQR5DA==",
      "from": "imd@github:morpho-os/imd"
    },
    "jquery": {
      "version": "3.5.1",
      "resolved": "https://registry.npmjs.org/jquery/-/jquery-3.5.1.tgz",
      "integrity": "sha512-XwIBPqcMn57FxfT+Go5pzySnm4KWkT1Tv7gjrpT1srtf8Weynl6R273VJ5GjkRb51IzMp5nbaPjJXMWeju2MKg=="
    },
    "node-watch": {
      "version": "0.7.1",
      "resolved": "https://registry.npmjs.org/node-watch/-/node-watch-0.7.1.tgz",
      "integrity": "sha512-UWblPYuZYrkCQCW5PxAwYSxaELNBLUckrTBBk8xr1/bUgyOkYYTsUcV4e3ytcazFEOyiRyiUrsG37pu6I0I05g==",
      "dev": true
    },
    "qunit": {
      "version": "2.16.0",
      "resolved": "https://registry.npmjs.org/qunit/-/qunit-2.16.0.tgz",
      "integrity": "sha512-88x9t+rRMbB6IrCIUZvYU4pJy7NiBEv7SX8jD4LZAsIj+dV+kwGnFStOmPNvqa6HM96VZMD8CIIFKH2+3qvluA==",
      "dev": true,
      "requires": {
        "commander": "7.1.0",
        "node-watch": "0.7.1",
        "tiny-glob": "0.2.8"
      }
    },
    "tiny-glob": {
      "version": "0.2.8",
      "resolved": "https://registry.npmjs.org/tiny-glob/-/tiny-glob-0.2.8.tgz",
      "integrity": "sha512-vkQP7qOslq63XRX9kMswlby99kyO5OvKptw7AMwBVMjXEI7Tb61eoI5DydyEMOseyGS5anDN1VPoVxEvH01q8w==",
      "dev": true,
      "requires": {
        "globalyzer": "0.1.0",
        "globrex": "^0.1.2"
      }
    },
    "toastify-js": {
      "version": "1.9.3",
      "resolved": "https://registry.npmjs.org/toastify-js/-/toastify-js-1.9.3.tgz",
      "integrity": "sha512-v0aXGUy6IbEBWxmoKx7ZCou00dQqEAsjJF86f8b8dNCH4O4L6iEkX3d3WRMVDirBJ+8CxQcHDZuAFD47J/imEw=="
    },
    "tslib": {
      "version": "2.1.0",
      "resolved": "https://registry.npmjs.org/tslib/-/tslib-2.1.0.tgz",
      "integrity": "sha512-hcVC3wYEziELGGmEEXue7D75zbwIIVUMWAVbHItGPx0ziyXxrOMQx4rQEVEV45Ut/1IotuEvwqPopzIOkDMf0A=="
    }
  }
}
